<Solution>
  <Folder Name="/demo-app/src/">
    <Project Path="demo-app/src/Highspring.Api/Highspring.Api.csproj" />
    <Project Path="demo-app/src/Highspring.Application/Highspring.Application.csproj" />
    <Project Path="demo-app/src/Highspring.Infrastructure/Highspring.Infrastructure.csproj" />
    <Project Path="demo-app/src/Highspring.Web/Highspring.Web.csproj" />
  </Folder>
</Solution>
